
Microsoft Visual Studio Solution File, Format Version 12.00
# Visual Studio Version 17
VisualStudioVersion = 17.7.34024.191
MinimumVisualStudioVersion = 10.0.40219.1
Project("{9A19103F-16F7-4668-BE54-9A1E7A4F7556}") = "Associations", "Associations\Associations.csproj", "{29FB0E53-11F0-43BE-A658-64E1E0B76245}"
EndProject
Project("{9A19103F-16F7-4668-BE54-9A1E7A4F7556}") = "DirittiUmaniUnioneEuropea", "DirittiUmaniUnioneEuropea\DirittiUmaniUnioneEuropea.csproj", "{412E2BC9-C318-4173-BDF7-85E378ECF167}"
EndProject
Project("{9A19103F-16F7-4668-BE54-9A1E7A4F7556}") = "Classes", "Classes\Classes.csproj", "{4FF27539-AC3E-42D9-AE18-B30BFB38D32C}"
EndProject
Project("{9A19103F-16F7-4668-BE54-9A1E7A4F7556}") = "SongStreaming", "SongStreaming\SongStreaming.csproj", "{15FD3ED1-952D-4A99-9086-DDEA315A46A9}"
EndProject
Project("{9A19103F-16F7-4668-BE54-9A1E7A4F7556}") = "DictionaryExercise", "DictionaryExercise\DictionaryExercise.csproj", "{06E94267-F2B4-4DDC-9355-1967E776109E}"
EndProject
Project("{9A19103F-16F7-4668-BE54-9A1E7A4F7556}") = "LambdaLesson", "LambdaLesson\LambdaLesson.csproj", "{EF4EDE9D-AB31-416D-89D6-FF3504F63BB6}"
EndProject
Project("{9A19103F-16F7-4668-BE54-9A1E7A4F7556}") = "CsvLesson", "CsvLesson\CsvLesson.csproj", "{ED349AE0-ECD9-4932-B4DE-EBBDD3E5FE36}"
EndProject
Project("{9A19103F-16F7-4668-BE54-9A1E7A4F7556}") = "Spotify.Exercise", "Spotify.Exercise\Spotify.Exercise.csproj", "{72606A03-B1FD-47A5-96F8-74805F3474AD}"
EndProject
Project("{FAE04EC0-301F-11D3-BF4B-00C04F79EFBC}") = "Spotify.Client", "Spotify\Spotify.Client.csproj", "{6895589E-9905-40ED-BD80-A7A480847422}"
EndProject
Global
	GlobalSection(SolutionConfigurationPlatforms) = preSolution
		Debug|Any CPU = Debug|Any CPU
		Release|Any CPU = Release|Any CPU
	EndGlobalSection
	GlobalSection(ProjectConfigurationPlatforms) = postSolution
		{29FB0E53-11F0-43BE-A658-64E1E0B76245}.Debug|Any CPU.ActiveCfg = Debug|Any CPU
		{29FB0E53-11F0-43BE-A658-64E1E0B76245}.Debug|Any CPU.Build.0 = Debug|Any CPU
		{29FB0E53-11F0-43BE-A658-64E1E0B76245}.Release|Any CPU.ActiveCfg = Release|Any CPU
		{29FB0E53-11F0-43BE-A658-64E1E0B76245}.Release|Any CPU.Build.0 = Release|Any CPU
		{412E2BC9-C318-4173-BDF7-85E378ECF167}.Debug|Any CPU.ActiveCfg = Debug|Any CPU
		{412E2BC9-C318-4173-BDF7-85E378ECF167}.Debug|Any CPU.Build.0 = Debug|Any CPU
		{412E2BC9-C318-4173-BDF7-85E378ECF167}.Release|Any CPU.ActiveCfg = Release|Any CPU
		{412E2BC9-C318-4173-BDF7-85E378ECF167}.Release|Any CPU.Build.0 = Release|Any CPU
		{4FF27539-AC3E-42D9-AE18-B30BFB38D32C}.Debug|Any CPU.ActiveCfg = Debug|Any CPU
		{4FF27539-AC3E-42D9-AE18-B30BFB38D32C}.Debug|Any CPU.Build.0 = Debug|Any CPU
		{4FF27539-AC3E-42D9-AE18-B30BFB38D32C}.Release|Any CPU.ActiveCfg = Release|Any CPU
		{4FF27539-AC3E-42D9-AE18-B30BFB38D32C}.Release|Any CPU.Build.0 = Release|Any CPU
		{15FD3ED1-952D-4A99-9086-DDEA315A46A9}.Debug|Any CPU.ActiveCfg = Debug|Any CPU
		{15FD3ED1-952D-4A99-9086-DDEA315A46A9}.Debug|Any CPU.Build.0 = Debug|Any CPU
		{15FD3ED1-952D-4A99-9086-DDEA315A46A9}.Release|Any CPU.ActiveCfg = Release|Any CPU
		{15FD3ED1-952D-4A99-9086-DDEA315A46A9}.Release|Any CPU.Build.0 = Release|Any CPU
		{06E94267-F2B4-4DDC-9355-1967E776109E}.Debug|Any CPU.ActiveCfg = Debug|Any CPU
		{06E94267-F2B4-4DDC-9355-1967E776109E}.Debug|Any CPU.Build.0 = Debug|Any CPU
		{06E94267-F2B4-4DDC-9355-1967E776109E}.Release|Any CPU.ActiveCfg = Release|Any CPU
		{06E94267-F2B4-4DDC-9355-1967E776109E}.Release|Any CPU.Build.0 = Release|Any CPU
		{EF4EDE9D-AB31-416D-89D6-FF3504F63BB6}.Debug|Any CPU.ActiveCfg = Debug|Any CPU
		{EF4EDE9D-AB31-416D-89D6-FF3504F63BB6}.Debug|Any CPU.Build.0 = Debug|Any CPU
		{EF4EDE9D-AB31-416D-89D6-FF3504F63BB6}.Release|Any CPU.ActiveCfg = Release|Any CPU
		{EF4EDE9D-AB31-416D-89D6-FF3504F63BB6}.Release|Any CPU.Build.0 = Release|Any CPU
		{ED349AE0-ECD9-4932-B4DE-EBBDD3E5FE36}.Debug|Any CPU.ActiveCfg = Debug|Any CPU
		{ED349AE0-ECD9-4932-B4DE-EBBDD3E5FE36}.Debug|Any CPU.Build.0 = Debug|Any CPU
		{ED349AE0-ECD9-4932-B4DE-EBBDD3E5FE36}.Release|Any CPU.ActiveCfg = Release|Any CPU
		{ED349AE0-ECD9-4932-B4DE-EBBDD3E5FE36}.Release|Any CPU.Build.0 = Release|Any CPU
		{72606A03-B1FD-47A5-96F8-74805F3474AD}.Debug|Any CPU.ActiveCfg = Debug|Any CPU
		{72606A03-B1FD-47A5-96F8-74805F3474AD}.Debug|Any CPU.Build.0 = Debug|Any CPU
		{72606A03-B1FD-47A5-96F8-74805F3474AD}.Release|Any CPU.ActiveCfg = Release|Any CPU
		{72606A03-B1FD-47A5-96F8-74805F3474AD}.Release|Any CPU.Build.0 = Release|Any CPU
		{6895589E-9905-40ED-BD80-A7A480847422}.Debug|Any CPU.ActiveCfg = Debug|Any CPU
		{6895589E-9905-40ED-BD80-A7A480847422}.Debug|Any CPU.Build.0 = Debug|Any CPU
		{6895589E-9905-40ED-BD80-A7A480847422}.Release|Any CPU.ActiveCfg = Release|Any CPU
		{6895589E-9905-40ED-BD80-A7A480847422}.Release|Any CPU.Build.0 = Release|Any CPU
	EndGlobalSection
	GlobalSection(SolutionProperties) = preSolution
		HideSolutionNode = FALSE
	EndGlobalSection
	GlobalSection(ExtensibilityGlobals) = postSolution
		SolutionGuid = {8C1B695F-5BD7-480A-9144-59EF885414D7}
	EndGlobalSection
EndGlobal
